
Microsoft Visual Studio Solution File, Format Version 12.00
Project("{FAE04EC0-301F-11D3-BF4B-00C04F79EFBC}") = "Retro.ReadOnlyParams", "src\Retro.ReadOnlyParams\Retro.ReadOnlyParams.csproj", "{B030FCD8-AE39-4AEC-841D-3EBDC72313BF}"
EndProject
Project("{FAE04EC0-301F-11D3-BF4B-00C04F79EFBC}") = "Retro.ReadOnlyParams.Sample", "example\Retro.ReadOnlyParams.Sample\Retro.ReadOnlyParams.Sample.csproj", "{F35E9C92-C59E-441C-A149-75198BAD05B8}"
EndProject
Project("{FAE04EC0-301F-11D3-BF4B-00C04F79EFBC}") = "Retro.ReadOnlyParams.Tests", "test\Retro.ReadOnlyParams.Tests\Retro.ReadOnlyParams.Tests.csproj", "{1CCCCA75-3E76-4B2D-939E-92E65B7A0390}"
EndProject
Project("{2150E333-8FDC-42A3-9474-1A3956D46DE8}") = "src", "src", "{02E9D4AF-F665-4C17-894C-9313770A48B7}"
EndProject
Project("{2150E333-8FDC-42A3-9474-1A3956D46DE8}") = "example", "example", "{2A9BAED2-7A96-4842-97ED-06D4165D87F1}"
EndProject
Project("{2150E333-8FDC-42A3-9474-1A3956D46DE8}") = "test", "test", "{3048EEB6-5396-43C9-8801-F0DB065BE92E}"
EndProject
Global
	GlobalSection(SolutionConfigurationPlatforms) = preSolution
		Debug|Any CPU = Debug|Any CPU
		Release|Any CPU = Release|Any CPU
	EndGlobalSection
	GlobalSection(ProjectConfigurationPlatforms) = postSolution
		{B030FCD8-AE39-4AEC-841D-3EBDC72313BF}.Debug|Any CPU.ActiveCfg = Debug|Any CPU
		{B030FCD8-AE39-4AEC-841D-3EBDC72313BF}.Debug|Any CPU.Build.0 = Debug|Any CPU
		{B030FCD8-AE39-4AEC-841D-3EBDC72313BF}.Release|Any CPU.ActiveCfg = Release|Any CPU
		{B030FCD8-AE39-4AEC-841D-3EBDC72313BF}.Release|Any CPU.Build.0 = Release|Any CPU
		{F35E9C92-C59E-441C-A149-75198BAD05B8}.Debug|Any CPU.ActiveCfg = Debug|Any CPU
		{F35E9C92-C59E-441C-A149-75198BAD05B8}.Debug|Any CPU.Build.0 = Debug|Any CPU
		{F35E9C92-C59E-441C-A149-75198BAD05B8}.Release|Any CPU.ActiveCfg = Release|Any CPU
		{F35E9C92-C59E-441C-A149-75198BAD05B8}.Release|Any CPU.Build.0 = Release|Any CPU
		{1CCCCA75-3E76-4B2D-939E-92E65B7A0390}.Debug|Any CPU.ActiveCfg = Debug|Any CPU
		{1CCCCA75-3E76-4B2D-939E-92E65B7A0390}.Debug|Any CPU.Build.0 = Debug|Any CPU
		{1CCCCA75-3E76-4B2D-939E-92E65B7A0390}.Release|Any CPU.ActiveCfg = Release|Any CPU
		{1CCCCA75-3E76-4B2D-939E-92E65B7A0390}.Release|Any CPU.Build.0 = Release|Any CPU
	EndGlobalSection
	GlobalSection(NestedProjects) = preSolution
		{B030FCD8-AE39-4AEC-841D-3EBDC72313BF} = {02E9D4AF-F665-4C17-894C-9313770A48B7}
		{F35E9C92-C59E-441C-A149-75198BAD05B8} = {2A9BAED2-7A96-4842-97ED-06D4165D87F1}
		{1CCCCA75-3E76-4B2D-939E-92E65B7A0390} = {3048EEB6-5396-43C9-8801-F0DB065BE92E}
	EndGlobalSection
EndGlobal
